
Microsoft Visual Studio Solution File, Format Version 12.00
# Visual Studio Version 16
VisualStudioVersion = 16.0.29920.165
MinimumVisualStudioVersion = 10.0.40219.1
Project("{FAE04EC0-301F-11D3-BF4B-00C04F79EFBC}") = "ParserawkaWPF", "ParserawkaWPF\ParserawkaWPF.csproj", "{EEA765D9-41B7-4EA1-BA68-E5B0E032AA22}"
EndProject
Project("{FAE04EC0-301F-11D3-BF4B-00C04F79EFBC}") = "ParserawkaWPF_Tests", "ParserawkaWPF_Tests\ParserawkaWPF_Tests.csproj", "{A2700F84-9252-4DED-BA03-F377D11B3FD0}"
EndProject
Project("{FAE04EC0-301F-11D3-BF4B-00C04F79EFBC}") = "ParserawkaCore", "..\ParserawkaCore\ParserawkaCore\ParserawkaCore.csproj", "{A51ADE54-F5E8-4524-A5ED-80154E477B2E}"
EndProject
Project("{FAE04EC0-301F-11D3-BF4B-00C04F79EFBC}") = "ParserawkaConsole", "..\ParserawkaConsole\ParserawkaConsole\ParserawkaConsole.csproj", "{CF7D49D5-BA63-4C1E-B756-B1FCB5FF486A}"
EndProject
Global
	GlobalSection(SolutionConfigurationPlatforms) = preSolution
		Debug|Any CPU = Debug|Any CPU
		Release|Any CPU = Release|Any CPU
	EndGlobalSection
	GlobalSection(ProjectConfigurationPlatforms) = postSolution
		{EEA765D9-41B7-4EA1-BA68-E5B0E032AA22}.Debug|Any CPU.ActiveCfg = Debug|Any CPU
		{EEA765D9-41B7-4EA1-BA68-E5B0E032AA22}.Debug|Any CPU.Build.0 = Debug|Any CPU
		{EEA765D9-41B7-4EA1-BA68-E5B0E032AA22}.Release|Any CPU.ActiveCfg = Release|Any CPU
		{EEA765D9-41B7-4EA1-BA68-E5B0E032AA22}.Release|Any CPU.Build.0 = Release|Any CPU
		{A2700F84-9252-4DED-BA03-F377D11B3FD0}.Debug|Any CPU.ActiveCfg = Debug|Any CPU
		{A2700F84-9252-4DED-BA03-F377D11B3FD0}.Debug|Any CPU.Build.0 = Debug|Any CPU
		{A2700F84-9252-4DED-BA03-F377D11B3FD0}.Release|Any CPU.ActiveCfg = Release|Any CPU
		{A2700F84-9252-4DED-BA03-F377D11B3FD0}.Release|Any CPU.Build.0 = Release|Any CPU
		{A51ADE54-F5E8-4524-A5ED-80154E477B2E}.Debug|Any CPU.ActiveCfg = Debug|Any CPU
		{A51ADE54-F5E8-4524-A5ED-80154E477B2E}.Debug|Any CPU.Build.0 = Debug|Any CPU
		{A51ADE54-F5E8-4524-A5ED-80154E477B2E}.Release|Any CPU.ActiveCfg = Release|Any CPU
		{A51ADE54-F5E8-4524-A5ED-80154E477B2E}.Release|Any CPU.Build.0 = Release|Any CPU
		{CF7D49D5-BA63-4C1E-B756-B1FCB5FF486A}.Debug|Any CPU.ActiveCfg = Debug|Any CPU
		{CF7D49D5-BA63-4C1E-B756-B1FCB5FF486A}.Debug|Any CPU.Build.0 = Debug|Any CPU
		{CF7D49D5-BA63-4C1E-B756-B1FCB5FF486A}.Release|Any CPU.ActiveCfg = Release|Any CPU
		{CF7D49D5-BA63-4C1E-B756-B1FCB5FF486A}.Release|Any CPU.Build.0 = Release|Any CPU
	EndGlobalSection
	GlobalSection(SolutionProperties) = preSolution
		HideSolutionNode = FALSE
	EndGlobalSection
	GlobalSection(ExtensibilityGlobals) = postSolution
		SolutionGuid = {859E5E0F-CF0D-44AF-8E3E-47F4819AF75B}
	EndGlobalSection
EndGlobal
